// !$*UTF8*$!
{
	archiveVersion = 1;
	classes = {
	};
	objectVersion = 51;
	objects = {

/* Begin PBXBuildFile section */
		45779DA2560F7B600B37CCA8 /* Pods_____.framework in Frameworks */ = {isa = PBXBuildFile; fileRef = 44EDB28AD292D44B02C59CF4 /* Pods_____.framework */; };
		9B91D0BDCEAA52668F11A05F /* Pods_GPUImage___.framework in Frameworks */ = {isa = PBXBuildFile; fileRef = A154B4AB37E7821CBC6F7DAE /* Pods_GPUImage___.framework */; };
		A265F90D249238CB004B53BD /* AppDelegate.swift in Sources */ = {isa = PBXBuildFile; fileRef = A265F90C249238CB004B53BD /* AppDelegate.swift */; };
		A265F90F249238CB004B53BD /* SceneDelegate.swift in Sources */ = {isa = PBXBuildFile; fileRef = A265F90E249238CB004B53BD /* SceneDelegate.swift */; };
		A265F911249238CB004B53BD /* ViewController.swift in Sources */ = {isa = PBXBuildFile; fileRef = A265F910249238CB004B53BD /* ViewController.swift */; };
		A265F914249238CB004B53BD /* Main.storyboard in Resources */ = {isa = PBXBuildFile; fileRef = A265F912249238CB004B53BD /* Main.storyboard */; };
		A265F916249238E8004B53BD /* Assets.xcassets in Resources */ = {isa = PBXBuildFile; fileRef = A265F915249238E8004B53BD /* Assets.xcassets */; };
		A265F919249238E8004B53BD /* LaunchScreen.storyboard in Resources */ = {isa = PBXBuildFile; fileRef = A265F917249238E8004B53BD /* LaunchScreen.storyboard */; };
		A265F92324923ADC004B53BD /* Pods_美颜相机_GPUImage.framework in Frameworks */ = {isa = PBXBuildFile; fileRef = A265F92224923ADC004B53BD /* Pods_美颜相机_GPUImage.framework */; };
		A265F92424923ADC004B53BD /* Pods_美颜相机_GPUImage.framework in Embed Frameworks */ = {isa = PBXBuildFile; fileRef = A265F92224923ADC004B53BD /* Pods_美颜相机_GPUImage.framework */; settings = {ATTRIBUTES = (CodeSignOnCopy, RemoveHeadersOnCopy, ); }; };
		C13C134224912B0B00CE6841 /* Pods_GPUImage的使用.framework in Embed Frameworks */ = {isa = PBXBuildFile; fileRef = C13C134024912B0B00CE6841 /* Pods_GPUImage的使用.framework */; settings = {ATTRIBUTES = (CodeSignOnCopy, RemoveHeadersOnCopy, ); }; };
		C13C134B24912C8800CE6841 /* AppDelegate.swift in Sources */ = {isa = PBXBuildFile; fileRef = C13C134A24912C8800CE6841 /* AppDelegate.swift */; };
		C13C134D24912C8800CE6841 /* SceneDelegate.swift in Sources */ = {isa = PBXBuildFile; fileRef = C13C134C24912C8800CE6841 /* SceneDelegate.swift */; };
		C13C134F24912C8800CE6841 /* ViewController.swift in Sources */ = {isa = PBXBuildFile; fileRef = C13C134E24912C8800CE6841 /* ViewController.swift */; };
		C13C135224912C8800CE6841 /* Main.storyboard in Resources */ = {isa = PBXBuildFile; fileRef = C13C135024912C8800CE6841 /* Main.storyboard */; };
		C13C135424912C8C00CE6841 /* Assets.xcassets in Resources */ = {isa = PBXBuildFile; fileRef = C13C135324912C8C00CE6841 /* Assets.xcassets */; };
		C13C135724912C8C00CE6841 /* LaunchScreen.storyboard in Resources */ = {isa = PBXBuildFile; fileRef = C13C135524912C8C00CE6841 /* LaunchScreen.storyboard */; };
		C13C136224912C8C00CE6841 /* ____Tests.swift in Sources */ = {isa = PBXBuildFile; fileRef = C13C136124912C8C00CE6841 /* ____Tests.swift */; };
		C13C136D24912C8C00CE6841 /* ____UITests.swift in Sources */ = {isa = PBXBuildFile; fileRef = C13C136C24912C8C00CE6841 /* ____UITests.swift */; };
		C13C137B24912E0400CE6841 /* Pods_GPUImage的使用.framework in Embed Frameworks */ = {isa = PBXBuildFile; fileRef = C13C137924912E0400CE6841 /* Pods_GPUImage的使用.framework */; settings = {ATTRIBUTES = (CodeSignOnCopy, RemoveHeadersOnCopy, ); }; };
		C13C137E249131E300CE6841 /* 杨幂.jpeg in Resources */ = {isa = PBXBuildFile; fileRef = C13C137D249131E300CE6841 /* 杨幂.jpeg */; };
		C1BAA681248CF14B00BD45A9 /* AppDelegate.swift in Sources */ = {isa = PBXBuildFile; fileRef = C1BAA680248CF14B00BD45A9 /* AppDelegate.swift */; };
		C1BAA683248CF14B00BD45A9 /* SceneDelegate.swift in Sources */ = {isa = PBXBuildFile; fileRef = C1BAA682248CF14B00BD45A9 /* SceneDelegate.swift */; };
		C1BAA685248CF14B00BD45A9 /* ViewController.swift in Sources */ = {isa = PBXBuildFile; fileRef = C1BAA684248CF14B00BD45A9 /* ViewController.swift */; };
		C1BAA688248CF14B00BD45A9 /* Main.storyboard in Resources */ = {isa = PBXBuildFile; fileRef = C1BAA686248CF14B00BD45A9 /* Main.storyboard */; };
		C1BAA68A248CF15000BD45A9 /* Assets.xcassets in Resources */ = {isa = PBXBuildFile; fileRef = C1BAA689248CF15000BD45A9 /* Assets.xcassets */; };
		C1BAA68D248CF15000BD45A9 /* LaunchScreen.storyboard in Resources */ = {isa = PBXBuildFile; fileRef = C1BAA68B248CF15000BD45A9 /* LaunchScreen.storyboard */; };
		C1BAA698248CF15000BD45A9 /* GPUImage___Tests.swift in Sources */ = {isa = PBXBuildFile; fileRef = C1BAA697248CF15000BD45A9 /* GPUImage___Tests.swift */; };
		C1BAA6A3248CF15000BD45A9 /* GPUImage___UITests.swift in Sources */ = {isa = PBXBuildFile; fileRef = C1BAA6A2248CF15000BD45A9 /* GPUImage___UITests.swift */; };
		C1BAA6B1248CF38900BD45A9 /* 杨幂.jpeg in Resources */ = {isa = PBXBuildFile; fileRef = C1BAA6B0248CF38900BD45A9 /* 杨幂.jpeg */; };
/* End PBXBuildFile section */

/* Begin PBXContainerItemProxy section */
		A265F8EC2492386B004B53BD /* PBXContainerItemProxy */ = {
			isa = PBXContainerItemProxy;
			containerPortal = C1BAA675248CF14B00BD45A9 /* Project object */;
			proxyType = 1;
			remoteGlobalIDString = A265F8D02492382C004B53BD;
			remoteInfo = "GPUImage美颜相机";
		};
		A265F8F72492386B004B53BD /* PBXContainerItemProxy */ = {
			isa = PBXContainerItemProxy;
			containerPortal = C1BAA675248CF14B00BD45A9 /* Project object */;
			proxyType = 1;
			remoteGlobalIDString = A265F8D02492382C004B53BD;
			remoteInfo = "GPUImage美颜相机";
		};
		C13C135E24912C8C00CE6841 /* PBXContainerItemProxy */ = {
			isa = PBXContainerItemProxy;
			containerPortal = C1BAA675248CF14B00BD45A9 /* Project object */;
			proxyType = 1;
			remoteGlobalIDString = C13C134724912C8800CE6841;
			remoteInfo = "其他滤镜";
		};
		C13C136924912C8C00CE6841 /* PBXContainerItemProxy */ = {
			isa = PBXContainerItemProxy;
			containerPortal = C1BAA675248CF14B00BD45A9 /* Project object */;
			proxyType = 1;
			remoteGlobalIDString = C13C134724912C8800CE6841;
			remoteInfo = "其他滤镜";
		};
		C1BAA694248CF15000BD45A9 /* PBXContainerItemProxy */ = {
			isa = PBXContainerItemProxy;
			containerPortal = C1BAA675248CF14B00BD45A9 /* Project object */;
			proxyType = 1;
			remoteGlobalIDString = C1BAA67C248CF14B00BD45A9;
			remoteInfo = "GPUImage的使用";
		};
		C1BAA69F248CF15000BD45A9 /* PBXContainerItemProxy */ = {
			isa = PBXContainerItemProxy;
			containerPortal = C1BAA675248CF14B00BD45A9 /* Project object */;
			proxyType = 1;
			remoteGlobalIDString = C1BAA67C248CF14B00BD45A9;
			remoteInfo = "GPUImage的使用";
		};
/* End PBXContainerItemProxy section */

/* Begin PBXCopyFilesBuildPhase section */
		A265F92524923ADC004B53BD /* Embed Frameworks */ = {
			isa = PBXCopyFilesBuildPhase;
			buildActionMask = 2147483647;
			dstPath = "";
			dstSubfolderSpec = 10;
			files = (
				A265F92424923ADC004B53BD /* Pods_美颜相机_GPUImage.framework in Embed Frameworks */,
			);
			name = "Embed Frameworks";
			runOnlyForDeploymentPostprocessing = 0;
		};
		C13C134324912B0B00CE6841 /* Embed Frameworks */ = {
			isa = PBXCopyFilesBuildPhase;
			buildActionMask = 2147483647;
			dstPath = "";
			dstSubfolderSpec = 10;
			files = (
				C13C134224912B0B00CE6841 /* Pods_GPUImage的使用.framework in Embed Frameworks */,
			);
			name = "Embed Frameworks";
			runOnlyForDeploymentPostprocessing = 0;
		};
		C13C137C24912E0400CE6841 /* Embed Frameworks */ = {
			isa = PBXCopyFilesBuildPhase;
			buildActionMask = 2147483647;
			dstPath = "";
			dstSubfolderSpec = 10;
			files = (
				C13C137B24912E0400CE6841 /* Pods_GPUImage的使用.framework in Embed Frameworks */,
			);
			name = "Embed Frameworks";
			runOnlyForDeploymentPostprocessing = 0;
		};
/* End PBXCopyFilesBuildPhase section */

/* Begin PBXFileReference section */
		0CA3FDA76D32CCE5AF8DC06C /* Pods-其他滤镜.debug.xcconfig */ = {isa = PBXFileReference; includeInIndex = 1; lastKnownFileType = text.xcconfig; name = "Pods-其他滤镜.debug.xcconfig"; path = "Target Support Files/Pods-其他滤镜/Pods-其他滤镜.debug.xcconfig"; sourceTree = "<group>"; };
		160F42EB1BC53BACFFE1F805 /* Pods-其他滤镜.release.xcconfig */ = {isa = PBXFileReference; includeInIndex = 1; lastKnownFileType = text.xcconfig; name = "Pods-其他滤镜.release.xcconfig"; path = "Target Support Files/Pods-其他滤镜/Pods-其他滤镜.release.xcconfig"; sourceTree = "<group>"; };
		1CDB8B9DA3FE4052DD0A935A /* Pods______GPUImage.framework */ = {isa = PBXFileReference; explicitFileType = wrapper.framework; includeInIndex = 0; path = "Pods______GPUImage.framework"; sourceTree = BUILT_PRODUCTS_DIR; };
		37FB08A20AE01D16DC4658A3 /* Pods-GPUImage的使用.debug.xcconfig */ = {isa = PBXFileReference; includeInIndex = 1; lastKnownFileType = text.xcconfig; name = "Pods-GPUImage的使用.debug.xcconfig"; path = "Target Support Files/Pods-GPUImage的使用/Pods-GPUImage的使用.debug.xcconfig"; sourceTree = "<group>"; };
		44EDB28AD292D44B02C59CF4 /* Pods_____.framework */ = {isa = PBXFileReference; explicitFileType = wrapper.framework; includeInIndex = 0; path = "Pods_____.framework"; sourceTree = BUILT_PRODUCTS_DIR; };
		76D79BA0401115478FDDC38B /* Pods-GPUImage的使用.release.xcconfig */ = {isa = PBXFileReference; includeInIndex = 1; lastKnownFileType = text.xcconfig; name = "Pods-GPUImage的使用.release.xcconfig"; path = "Target Support Files/Pods-GPUImage的使用/Pods-GPUImage的使用.release.xcconfig"; sourceTree = "<group>"; };
		A154B4AB37E7821CBC6F7DAE /* Pods_GPUImage___.framework */ = {isa = PBXFileReference; explicitFileType = wrapper.framework; includeInIndex = 0; path = "Pods_GPUImage___.framework"; sourceTree = BUILT_PRODUCTS_DIR; };
		A265F8D12492382C004B53BD /* GPUImage美颜相机.app */ = {isa = PBXFileReference; explicitFileType = wrapper.application; includeInIndex = 0; path = "GPUImage美颜相机.app"; sourceTree = BUILT_PRODUCTS_DIR; };
		A265F8EB2492386B004B53BD /* GPUImage美颜相机Tests.xctest */ = {isa = PBXFileReference; explicitFileType = wrapper.cfbundle; includeInIndex = 0; path = "GPUImage美颜相机Tests.xctest"; sourceTree = BUILT_PRODUCTS_DIR; };
		A265F8F62492386B004B53BD /* GPUImage美颜相机UITests.xctest */ = {isa = PBXFileReference; explicitFileType = wrapper.cfbundle; includeInIndex = 0; path = "GPUImage美颜相机UITests.xctest"; sourceTree = BUILT_PRODUCTS_DIR; };
		A265F90A249238CB004B53BD /* 美颜相机-GPUImage.app */ = {isa = PBXFileReference; explicitFileType = wrapper.application; includeInIndex = 0; path = "美颜相机-GPUImage.app"; sourceTree = BUILT_PRODUCTS_DIR; };
		A265F90C249238CB004B53BD /* AppDelegate.swift */ = {isa = PBXFileReference; lastKnownFileType = sourcecode.swift; path = AppDelegate.swift; sourceTree = "<group>"; };
		A265F90E249238CB004B53BD /* SceneDelegate.swift */ = {isa = PBXFileReference; lastKnownFileType = sourcecode.swift; path = SceneDelegate.swift; sourceTree = "<group>"; };
		A265F910249238CB004B53BD /* ViewController.swift */ = {isa = PBXFileReference; lastKnownFileType = sourcecode.swift; path = ViewController.swift; sourceTree = "<group>"; };
		A265F913249238CB004B53BD /* Base */ = {isa = PBXFileReference; lastKnownFileType = file.storyboard; name = Base; path = Base.lproj/Main.storyboard; sourceTree = "<group>"; };
		A265F915249238E8004B53BD /* Assets.xcassets */ = {isa = PBXFileReference; lastKnownFileType = folder.assetcatalog; path = Assets.xcassets; sourceTree = "<group>"; };
		A265F918249238E8004B53BD /* Base */ = {isa = PBXFileReference; lastKnownFileType = file.storyboard; name = Base; path = Base.lproj/LaunchScreen.storyboard; sourceTree = "<group>"; };
		A265F91A249238E8004B53BD /* Info.plist */ = {isa = PBXFileReference; lastKnownFileType = text.plist.xml; path = Info.plist; sourceTree = "<group>"; };
		A265F91E249239D7004B53BD /* GPUImage.framework */ = {isa = PBXFileReference; explicitFileType = wrapper.framework; path = GPUImage.framework; sourceTree = BUILT_PRODUCTS_DIR; };
		A265F92224923ADC004B53BD /* Pods_美颜相机_GPUImage.framework */ = {isa = PBXFileReference; explicitFileType = wrapper.framework; path = "Pods_美颜相机_GPUImage.framework"; sourceTree = BUILT_PRODUCTS_DIR; };
		C13C134024912B0B00CE6841 /* Pods_GPUImage的使用.framework */ = {isa = PBXFileReference; explicitFileType = wrapper.framework; path = "Pods_GPUImage的使用.framework"; sourceTree = BUILT_PRODUCTS_DIR; };
		C13C134824912C8800CE6841 /* 其他滤镜.app */ = {isa = PBXFileReference; explicitFileType = wrapper.application; includeInIndex = 0; path = "其他滤镜.app"; sourceTree = BUILT_PRODUCTS_DIR; };
		C13C134A24912C8800CE6841 /* AppDelegate.swift */ = {isa = PBXFileReference; lastKnownFileType = sourcecode.swift; path = AppDelegate.swift; sourceTree = "<group>"; };
		C13C134C24912C8800CE6841 /* SceneDelegate.swift */ = {isa = PBXFileReference; lastKnownFileType = sourcecode.swift; path = SceneDelegate.swift; sourceTree = "<group>"; };
		C13C134E24912C8800CE6841 /* ViewController.swift */ = {isa = PBXFileReference; lastKnownFileType = sourcecode.swift; path = ViewController.swift; sourceTree = "<group>"; };
		C13C135124912C8800CE6841 /* Base */ = {isa = PBXFileReference; lastKnownFileType = file.storyboard; name = Base; path = Base.lproj/Main.storyboard; sourceTree = "<group>"; };
		C13C135324912C8C00CE6841 /* Assets.xcassets */ = {isa = PBXFileReference; lastKnownFileType = folder.assetcatalog; path = Assets.xcassets; sourceTree = "<group>"; };
		C13C135624912C8C00CE6841 /* Base */ = {isa = PBXFileReference; lastKnownFileType = file.storyboard; name = Base; path = Base.lproj/LaunchScreen.storyboard; sourceTree = "<group>"; };
		C13C135824912C8C00CE6841 /* Info.plist */ = {isa = PBXFileReference; lastKnownFileType = text.plist.xml; path = Info.plist; sourceTree = "<group>"; };
		C13C135D24912C8C00CE6841 /* 其他滤镜Tests.xctest */ = {isa = PBXFileReference; explicitFileType = wrapper.cfbundle; includeInIndex = 0; path = "其他滤镜Tests.xctest"; sourceTree = BUILT_PRODUCTS_DIR; };
		C13C136124912C8C00CE6841 /* ____Tests.swift */ = {isa = PBXFileReference; lastKnownFileType = sourcecode.swift; path = "____Tests.swift"; sourceTree = "<group>"; };
		C13C136324912C8C00CE6841 /* Info.plist */ = {isa = PBXFileReference; lastKnownFileType = text.plist.xml; path = Info.plist; sourceTree = "<group>"; };
		C13C136824912C8C00CE6841 /* 其他滤镜UITests.xctest */ = {isa = PBXFileReference; explicitFileType = wrapper.cfbundle; includeInIndex = 0; path = "其他滤镜UITests.xctest"; sourceTree = BUILT_PRODUCTS_DIR; };
		C13C136C24912C8C00CE6841 /* ____UITests.swift */ = {isa = PBXFileReference; lastKnownFileType = sourcecode.swift; path = "____UITests.swift"; sourceTree = "<group>"; };
		C13C136E24912C8C00CE6841 /* Info.plist */ = {isa = PBXFileReference; lastKnownFileType = text.plist.xml; path = Info.plist; sourceTree = "<group>"; };
		C13C137924912E0400CE6841 /* Pods_GPUImage的使用.framework */ = {isa = PBXFileReference; explicitFileType = wrapper.framework; path = "Pods_GPUImage的使用.framework"; sourceTree = BUILT_PRODUCTS_DIR; };
		C13C137D249131E300CE6841 /* 杨幂.jpeg */ = {isa = PBXFileReference; lastKnownFileType = image.jpeg; path = "杨幂.jpeg"; sourceTree = "<group>"; };
		C1BAA67D248CF14B00BD45A9 /* GPUImage的使用.app */ = {isa = PBXFileReference; explicitFileType = wrapper.application; includeInIndex = 0; path = "GPUImage的使用.app"; sourceTree = BUILT_PRODUCTS_DIR; };
		C1BAA680248CF14B00BD45A9 /* AppDelegate.swift */ = {isa = PBXFileReference; lastKnownFileType = sourcecode.swift; path = AppDelegate.swift; sourceTree = "<group>"; };
		C1BAA682248CF14B00BD45A9 /* SceneDelegate.swift */ = {isa = PBXFileReference; lastKnownFileType = sourcecode.swift; path = SceneDelegate.swift; sourceTree = "<group>"; };
		C1BAA684248CF14B00BD45A9 /* ViewController.swift */ = {isa = PBXFileReference; lastKnownFileType = sourcecode.swift; path = ViewController.swift; sourceTree = "<group>"; };
		C1BAA687248CF14B00BD45A9 /* Base */ = {isa = PBXFileReference; lastKnownFileType = file.storyboard; name = Base; path = Base.lproj/Main.storyboard; sourceTree = "<group>"; };
		C1BAA689248CF15000BD45A9 /* Assets.xcassets */ = {isa = PBXFileReference; lastKnownFileType = folder.assetcatalog; path = Assets.xcassets; sourceTree = "<group>"; };
		C1BAA68C248CF15000BD45A9 /* Base */ = {isa = PBXFileReference; lastKnownFileType = file.storyboard; name = Base; path = Base.lproj/LaunchScreen.storyboard; sourceTree = "<group>"; };
		C1BAA68E248CF15000BD45A9 /* Info.plist */ = {isa = PBXFileReference; lastKnownFileType = text.plist.xml; path = Info.plist; sourceTree = "<group>"; };
		C1BAA693248CF15000BD45A9 /* GPUImage的使用Tests.xctest */ = {isa = PBXFileReference; explicitFileType = wrapper.cfbundle; includeInIndex = 0; path = "GPUImage的使用Tests.xctest"; sourceTree = BUILT_PRODUCTS_DIR; };
		C1BAA697248CF15000BD45A9 /* GPUImage___Tests.swift */ = {isa = PBXFileReference; lastKnownFileType = sourcecode.swift; path = "GPUImage___Tests.swift"; sourceTree = "<group>"; };
		C1BAA699248CF15000BD45A9 /* Info.plist */ = {isa = PBXFileReference; lastKnownFileType = text.plist.xml; path = Info.plist; sourceTree = "<group>"; };
		C1BAA69E248CF15000BD45A9 /* GPUImage的使用UITests.xctest */ = {isa = PBXFileReference; explicitFileType = wrapper.cfbundle; includeInIndex = 0; path = "GPUImage的使用UITests.xctest"; sourceTree = BUILT_PRODUCTS_DIR; };
		C1BAA6A2248CF15000BD45A9 /* GPUImage___UITests.swift */ = {isa = PBXFileReference; lastKnownFileType = sourcecode.swift; path = "GPUImage___UITests.swift"; sourceTree = "<group>"; };
		C1BAA6A4248CF15000BD45A9 /* Info.plist */ = {isa = PBXFileReference; lastKnownFileType = text.plist.xml; path = Info.plist; sourceTree = "<group>"; };
		C1BAA6B0248CF38900BD45A9 /* 杨幂.jpeg */ = {isa = PBXFileReference; lastKnownFileType = image.jpeg; path = "杨幂.jpeg"; sourceTree = "<group>"; };
		C1BAA6B2248CF71C00BD45A9 /* GPUImage.framework */ = {isa = PBXFileReference; explicitFileType = wrapper.framework; path = GPUImage.framework; sourceTree = BUILT_PRODUCTS_DIR; };
		CDD1DF4DF9B9224E47A2DDBF /* Pods-美颜相机-GPUImage.release.xcconfig */ = {isa = PBXFileReference; includeInIndex = 1; lastKnownFileType = text.xcconfig; name = "Pods-美颜相机-GPUImage.release.xcconfig"; path = "Target Support Files/Pods-美颜相机-GPUImage/Pods-美颜相机-GPUImage.release.xcconfig"; sourceTree = "<group>"; };
		E7B9AEEB082E732A2484CF67 /* Pods-美颜相机-GPUImage.debug.xcconfig */ = {isa = PBXFileReference; includeInIndex = 1; lastKnownFileType = text.xcconfig; name = "Pods-美颜相机-GPUImage.debug.xcconfig"; path = "Target Support Files/Pods-美颜相机-GPUImage/Pods-美颜相机-GPUImage.debug.xcconfig"; sourceTree = "<group>"; };
/* End PBXFileReference section */

/* Begin PBXFrameworksBuildPhase section */
		A265F8CE2492382C004B53BD /* Frameworks */ = {
			isa = PBXFrameworksBuildPhase;
			buildActionMask = 2147483647;
			files = (
			);
			runOnlyForDeploymentPostprocessing = 0;
		};
		A265F8E82492386B004B53BD /* Frameworks */ = {
			isa = PBXFrameworksBuildPhase;
			buildActionMask = 2147483647;
			files = (
			);
			runOnlyForDeploymentPostprocessing = 0;
		};
		A265F8F32492386B004B53BD /* Frameworks */ = {
			isa = PBXFrameworksBuildPhase;
			buildActionMask = 2147483647;
			files = (
			);
			runOnlyForDeploymentPostprocessing = 0;
		};
		A265F907249238CB004B53BD /* Frameworks */ = {
			isa = PBXFrameworksBuildPhase;
			buildActionMask = 2147483647;
			files = (
				A265F92324923ADC004B53BD /* Pods_美颜相机_GPUImage.framework in Frameworks */,
			);
			runOnlyForDeploymentPostprocessing = 0;
		};
		C13C134524912C8800CE6841 /* Frameworks */ = {
			isa = PBXFrameworksBuildPhase;
			buildActionMask = 2147483647;
			files = (
				45779DA2560F7B600B37CCA8 /* Pods_____.framework in Frameworks */,
			);
			runOnlyForDeploymentPostprocessing = 0;
		};
		C13C135A24912C8C00CE6841 /* Frameworks */ = {
			isa = PBXFrameworksBuildPhase;
			buildActionMask = 2147483647;
			files = (
			);
			runOnlyForDeploymentPostprocessing = 0;
		};
		C13C136524912C8C00CE6841 /* Frameworks */ = {
			isa = PBXFrameworksBuildPhase;
			buildActionMask = 2147483647;
			files = (
			);
			runOnlyForDeploymentPostprocessing = 0;
		};
		C1BAA67A248CF14B00BD45A9 /* Frameworks */ = {
			isa = PBXFrameworksBuildPhase;
			buildActionMask = 2147483647;
			files = (
				9B91D0BDCEAA52668F11A05F /* Pods_GPUImage___.framework in Frameworks */,
			);
			runOnlyForDeploymentPostprocessing = 0;
		};
		C1BAA690248CF15000BD45A9 /* Frameworks */ = {
			isa = PBXFrameworksBuildPhase;
			buildActionMask = 2147483647;
			files = (
			);
			runOnlyForDeploymentPostprocessing = 0;
		};
		C1BAA69B248CF15000BD45A9 /* Frameworks */ = {
			isa = PBXFrameworksBuildPhase;
			buildActionMask = 2147483647;
			files = (
			);
			runOnlyForDeploymentPostprocessing = 0;
		};
/* End PBXFrameworksBuildPhase section */

/* Begin PBXGroup section */
		154AEDD1A9083F830254CAD9 /* Pods */ = {
			isa = PBXGroup;
			children = (
				37FB08A20AE01D16DC4658A3 /* Pods-GPUImage的使用.debug.xcconfig */,
				76D79BA0401115478FDDC38B /* Pods-GPUImage的使用.release.xcconfig */,
				0CA3FDA76D32CCE5AF8DC06C /* Pods-其他滤镜.debug.xcconfig */,
				160F42EB1BC53BACFFE1F805 /* Pods-其他滤镜.release.xcconfig */,
				E7B9AEEB082E732A2484CF67 /* Pods-美颜相机-GPUImage.debug.xcconfig */,
				CDD1DF4DF9B9224E47A2DDBF /* Pods-美颜相机-GPUImage.release.xcconfig */,
			);
			path = Pods;
			sourceTree = "<group>";
		};
		60338640AB50A086AE3DE0EB /* Frameworks */ = {
			isa = PBXGroup;
			children = (
				A265F92224923ADC004B53BD /* Pods_美颜相机_GPUImage.framework */,
				A265F91E249239D7004B53BD /* GPUImage.framework */,
				C1BAA6B2248CF71C00BD45A9 /* GPUImage.framework */,
				A154B4AB37E7821CBC6F7DAE /* Pods_GPUImage___.framework */,
				44EDB28AD292D44B02C59CF4 /* Pods_____.framework */,
				1CDB8B9DA3FE4052DD0A935A /* Pods______GPUImage.framework */,
			);
			name = Frameworks;
			sourceTree = "<group>";
		};
		A265F90B249238CB004B53BD /* 美颜相机-GPUImage */ = {
			isa = PBXGroup;
			children = (
				A265F90C249238CB004B53BD /* AppDelegate.swift */,
				A265F90E249238CB004B53BD /* SceneDelegate.swift */,
				A265F910249238CB004B53BD /* ViewController.swift */,
				A265F912249238CB004B53BD /* Main.storyboard */,
				A265F915249238E8004B53BD /* Assets.xcassets */,
				A265F917249238E8004B53BD /* LaunchScreen.storyboard */,
				A265F91A249238E8004B53BD /* Info.plist */,
			);
			path = "美颜相机-GPUImage";
			sourceTree = "<group>";
		};
		C13C134924912C8800CE6841 /* 其他滤镜 */ = {
			isa = PBXGroup;
			children = (
				C13C137D249131E300CE6841 /* 杨幂.jpeg */,
				C13C134A24912C8800CE6841 /* AppDelegate.swift */,
				C13C134C24912C8800CE6841 /* SceneDelegate.swift */,
				C13C134E24912C8800CE6841 /* ViewController.swift */,
				C13C135024912C8800CE6841 /* Main.storyboard */,
				C13C135324912C8C00CE6841 /* Assets.xcassets */,
				C13C135524912C8C00CE6841 /* LaunchScreen.storyboard */,
				C13C135824912C8C00CE6841 /* Info.plist */,
			);
			path = "其他滤镜";
			sourceTree = "<group>";
		};
		C13C136024912C8C00CE6841 /* 其他滤镜Tests */ = {
			isa = PBXGroup;
			children = (
				C13C136124912C8C00CE6841 /* ____Tests.swift */,
				C13C136324912C8C00CE6841 /* Info.plist */,
			);
			path = "其他滤镜Tests";
			sourceTree = "<group>";
		};
		C13C136B24912C8C00CE6841 /* 其他滤镜UITests */ = {
			isa = PBXGroup;
			children = (
				C13C136C24912C8C00CE6841 /* ____UITests.swift */,
				C13C136E24912C8C00CE6841 /* Info.plist */,
			);
			path = "其他滤镜UITests";
			sourceTree = "<group>";
		};
		C13C137824912DCC00CE6841 /* Recovered References */ = {
			isa = PBXGroup;
			children = (
				C13C134024912B0B00CE6841 /* Pods_GPUImage的使用.framework */,
				C13C137924912E0400CE6841 /* Pods_GPUImage的使用.framework */,
			);
			name = "Recovered References";
			sourceTree = "<group>";
		};
		C1BAA674248CF14B00BD45A9 = {
			isa = PBXGroup;
			children = (
				C1BAA67F248CF14B00BD45A9 /* GPUImage的使用 */,
				C1BAA696248CF15000BD45A9 /* GPUImage的使用Tests */,
				C1BAA6A1248CF15000BD45A9 /* GPUImage的使用UITests */,
				C13C134924912C8800CE6841 /* 其他滤镜 */,
				C13C136024912C8C00CE6841 /* 其他滤镜Tests */,
				C13C136B24912C8C00CE6841 /* 其他滤镜UITests */,
				A265F90B249238CB004B53BD /* 美颜相机-GPUImage */,
				C1BAA67E248CF14B00BD45A9 /* Products */,
				154AEDD1A9083F830254CAD9 /* Pods */,
				60338640AB50A086AE3DE0EB /* Frameworks */,
				C13C137824912DCC00CE6841 /* Recovered References */,
			);
			sourceTree = "<group>";
		};
		C1BAA67E248CF14B00BD45A9 /* Products */ = {
			isa = PBXGroup;
			children = (
				C1BAA67D248CF14B00BD45A9 /* GPUImage的使用.app */,
				C1BAA693248CF15000BD45A9 /* GPUImage的使用Tests.xctest */,
				C1BAA69E248CF15000BD45A9 /* GPUImage的使用UITests.xctest */,
				C13C134824912C8800CE6841 /* 其他滤镜.app */,
				C13C135D24912C8C00CE6841 /* 其他滤镜Tests.xctest */,
				C13C136824912C8C00CE6841 /* 其他滤镜UITests.xctest */,
				A265F8D12492382C004B53BD /* GPUImage美颜相机.app */,
				A265F8EB2492386B004B53BD /* GPUImage美颜相机Tests.xctest */,
				A265F8F62492386B004B53BD /* GPUImage美颜相机UITests.xctest */,
				A265F90A249238CB004B53BD /* 美颜相机-GPUImage.app */,
			);
			name = Products;
			sourceTree = "<group>";
		};
		C1BAA67F248CF14B00BD45A9 /* GPUImage的使用 */ = {
			isa = PBXGroup;
			children = (
				C1BAA6B0248CF38900BD45A9 /* 杨幂.jpeg */,
				C1BAA680248CF14B00BD45A9 /* AppDelegate.swift */,
				C1BAA682248CF14B00BD45A9 /* SceneDelegate.swift */,
				C1BAA684248CF14B00BD45A9 /* ViewController.swift */,
				C1BAA686248CF14B00BD45A9 /* Main.storyboard */,
				C1BAA689248CF15000BD45A9 /* Assets.xcassets */,
				C1BAA68B248CF15000BD45A9 /* LaunchScreen.storyboard */,
				C1BAA68E248CF15000BD45A9 /* Info.plist */,
			);
			path = "GPUImage的使用";
			sourceTree = "<group>";
		};
		C1BAA696248CF15000BD45A9 /* GPUImage的使用Tests */ = {
			isa = PBXGroup;
			children = (
				C1BAA697248CF15000BD45A9 /* GPUImage___Tests.swift */,
				C1BAA699248CF15000BD45A9 /* Info.plist */,
			);
			path = "GPUImage的使用Tests";
			sourceTree = "<group>";
		};
		C1BAA6A1248CF15000BD45A9 /* GPUImage的使用UITests */ = {
			isa = PBXGroup;
			children = (
				C1BAA6A2248CF15000BD45A9 /* GPUImage___UITests.swift */,
				C1BAA6A4248CF15000BD45A9 /* Info.plist */,
			);
			path = "GPUImage的使用UITests";
			sourceTree = "<group>";
		};
/* End PBXGroup section */

/* Begin PBXNativeTarget section */
		A265F8D02492382C004B53BD /* GPUImage美颜相机 */ = {
			isa = PBXNativeTarget;
			buildConfigurationList = A265F9032492386B004B53BD /* Build configuration list for PBXNativeTarget "GPUImage美颜相机" */;
			buildPhases = (
				A265F8CD2492382C004B53BD /* Sources */,
				A265F8CE2492382C004B53BD /* Frameworks */,
				A265F8CF2492382C004B53BD /* Resources */,
			);
			buildRules = (
			);
			dependencies = (
			);
			name = "GPUImage美颜相机";
			productName = "GPUImage美颜相机";
			productReference = A265F8D12492382C004B53BD /* GPUImage美颜相机.app */;
			productType = "com.apple.product-type.application";
		};
		A265F8EA2492386B004B53BD /* GPUImage美颜相机Tests */ = {
			isa = PBXNativeTarget;
			buildConfigurationList = A265F9042492386B004B53BD /* Build configuration list for PBXNativeTarget "GPUImage美颜相机Tests" */;
			buildPhases = (
				A265F8E72492386B004B53BD /* Sources */,
				A265F8E82492386B004B53BD /* Frameworks */,
				A265F8E92492386B004B53BD /* Resources */,
			);
			buildRules = (
			);
			dependencies = (
				A265F8ED2492386B004B53BD /* PBXTargetDependency */,
			);
			name = "GPUImage美颜相机Tests";
			productName = "GPUImage美颜相机Tests";
			productReference = A265F8EB2492386B004B53BD /* GPUImage美颜相机Tests.xctest */;
			productType = "com.apple.product-type.bundle.unit-test";
		};
		A265F8F52492386B004B53BD /* GPUImage美颜相机UITests */ = {
			isa = PBXNativeTarget;
			buildConfigurationList = A265F9052492386B004B53BD /* Build configuration list for PBXNativeTarget "GPUImage美颜相机UITests" */;
			buildPhases = (
				A265F8F22492386B004B53BD /* Sources */,
				A265F8F32492386B004B53BD /* Frameworks */,
				A265F8F42492386B004B53BD /* Resources */,
			);
			buildRules = (
			);
			dependencies = (
				A265F8F82492386B004B53BD /* PBXTargetDependency */,
			);
			name = "GPUImage美颜相机UITests";
			productName = "GPUImage美颜相机UITests";
			productReference = A265F8F62492386B004B53BD /* GPUImage美颜相机UITests.xctest */;
			productType = "com.apple.product-type.bundle.ui-testing";
		};
		A265F909249238CB004B53BD /* 美颜相机-GPUImage */ = {
			isa = PBXNativeTarget;
			buildConfigurationList = A265F91B249238E8004B53BD /* Build configuration list for PBXNativeTarget "美颜相机-GPUImage" */;
			buildPhases = (
				8715194CD091DD0DBDDADEFA /* [CP] Check Pods Manifest.lock */,
				A265F906249238CB004B53BD /* Sources */,
				A265F907249238CB004B53BD /* Frameworks */,
				A265F908249238CB004B53BD /* Resources */,
				07C66E1680D35A8F2CEC0F87 /* [CP] Embed Pods Frameworks */,
				A265F92524923ADC004B53BD /* Embed Frameworks */,
			);
			buildRules = (
			);
			dependencies = (
			);
			name = "美颜相机-GPUImage";
			productName = "美颜相机-GPUImage";
			productReference = A265F90A249238CB004B53BD /* 美颜相机-GPUImage.app */;
			productType = "com.apple.product-type.application";
		};
		C13C134724912C8800CE6841 /* 其他滤镜 */ = {
			isa = PBXNativeTarget;
			buildConfigurationList = C13C136F24912C8C00CE6841 /* Build configuration list for PBXNativeTarget "其他滤镜" */;
			buildPhases = (
				F280620AE8CB1E91E39B359A /* [CP] Check Pods Manifest.lock */,
				C13C134424912C8800CE6841 /* Sources */,
				C13C134524912C8800CE6841 /* Frameworks */,
				C13C134624912C8800CE6841 /* Resources */,
				B170F892A54DED4A69532C41 /* [CP] Embed Pods Frameworks */,
				C13C137C24912E0400CE6841 /* Embed Frameworks */,
			);
			buildRules = (
			);
			dependencies = (
			);
			name = "其他滤镜";
			productName = "其他滤镜";
			productReference = C13C134824912C8800CE6841 /* 其他滤镜.app */;
			productType = "com.apple.product-type.application";
		};
		C13C135C24912C8C00CE6841 /* 其他滤镜Tests */ = {
			isa = PBXNativeTarget;
			buildConfigurationList = C13C137224912C8C00CE6841 /* Build configuration list for PBXNativeTarget "其他滤镜Tests" */;
			buildPhases = (
				C13C135924912C8C00CE6841 /* Sources */,
				C13C135A24912C8C00CE6841 /* Frameworks */,
				C13C135B24912C8C00CE6841 /* Resources */,
			);
			buildRules = (
			);
			dependencies = (
				C13C135F24912C8C00CE6841 /* PBXTargetDependency */,
			);
			name = "其他滤镜Tests";
			productName = "其他滤镜Tests";
			productReference = C13C135D24912C8C00CE6841 /* 其他滤镜Tests.xctest */;
			productType = "com.apple.product-type.bundle.unit-test";
		};
		C13C136724912C8C00CE6841 /* 其他滤镜UITests */ = {
			isa = PBXNativeTarget;
			buildConfigurationList = C13C137524912C8C00CE6841 /* Build configuration list for PBXNativeTarget "其他滤镜UITests" */;
			buildPhases = (
				C13C136424912C8C00CE6841 /* Sources */,
				C13C136524912C8C00CE6841 /* Frameworks */,
				C13C136624912C8C00CE6841 /* Resources */,
			);
			buildRules = (
			);
			dependencies = (
				C13C136A24912C8C00CE6841 /* PBXTargetDependency */,
			);
			name = "其他滤镜UITests";
			productName = "其他滤镜UITests";
			productReference = C13C136824912C8C00CE6841 /* 其他滤镜UITests.xctest */;
			productType = "com.apple.product-type.bundle.ui-testing";
		};
		C1BAA67C248CF14B00BD45A9 /* GPUImage的使用 */ = {
			isa = PBXNativeTarget;
			buildConfigurationList = C1BAA6A7248CF15000BD45A9 /* Build configuration list for PBXNativeTarget "GPUImage的使用" */;
			buildPhases = (
				C7B99C93934A4F528DF8749C /* [CP] Check Pods Manifest.lock */,
				C1BAA679248CF14B00BD45A9 /* Sources */,
				C1BAA67A248CF14B00BD45A9 /* Frameworks */,
				C1BAA67B248CF14B00BD45A9 /* Resources */,
				377ABCB0ABC70BA8E24527E5 /* [CP] Embed Pods Frameworks */,
				C13C134324912B0B00CE6841 /* Embed Frameworks */,
			);
			buildRules = (
			);
			dependencies = (
			);
			name = "GPUImage的使用";
			productName = "GPUImage的使用";
			productReference = C1BAA67D248CF14B00BD45A9 /* GPUImage的使用.app */;
			productType = "com.apple.product-type.application";
		};
		C1BAA692248CF15000BD45A9 /* GPUImage的使用Tests */ = {
			isa = PBXNativeTarget;
			buildConfigurationList = C1BAA6AA248CF15000BD45A9 /* Build configuration list for PBXNativeTarget "GPUImage的使用Tests" */;
			buildPhases = (
				C1BAA68F248CF15000BD45A9 /* Sources */,
				C1BAA690248CF15000BD45A9 /* Frameworks */,
				C1BAA691248CF15000BD45A9 /* Resources */,
			);
			buildRules = (
			);
			dependencies = (
				C1BAA695248CF15000BD45A9 /* PBXTargetDependency */,
			);
			name = "GPUImage的使用Tests";
			productName = "GPUImage的使用Tests";
			productReference = C1BAA693248CF15000BD45A9 /* GPUImage的使用Tests.xctest */;
			productType = "com.apple.product-type.bundle.unit-test";
		};
		C1BAA69D248CF15000BD45A9 /* GPUImage的使用UITests */ = {
			isa = PBXNativeTarget;
			buildConfigurationList = C1BAA6AD248CF15000BD45A9 /* Build configuration list for PBXNativeTarget "GPUImage的使用UITests" */;
			buildPhases = (
				C1BAA69A248CF15000BD45A9 /* Sources */,
				C1BAA69B248CF15000BD45A9 /* Frameworks */,
				C1BAA69C248CF15000BD45A9 /* Resources */,
			);
			buildRules = (
			);
			dependencies = (
				C1BAA6A0248CF15000BD45A9 /* PBXTargetDependency */,
			);
			name = "GPUImage的使用UITests";
			productName = "GPUImage的使用UITests";
			productReference = C1BAA69E248CF15000BD45A9 /* GPUImage的使用UITests.xctest */;
			productType = "com.apple.product-type.bundle.ui-testing";
		};
/* End PBXNativeTarget section */

/* Begin PBXProject section */
		C1BAA675248CF14B00BD45A9 /* Project object */ = {
			isa = PBXProject;
			attributes = {
				DefaultBuildSystemTypeForWorkspace = Original;
				LastSwiftUpdateCheck = 1150;
				LastUpgradeCheck = 1150;
				ORGANIZATIONNAME = "梁森";
				TargetAttributes = {
					A265F8D02492382C004B53BD = {
						CreatedOnToolsVersion = 11.5;
					};
					A265F8EA2492386B004B53BD = {
						CreatedOnToolsVersion = 11.5;
						TestTargetID = A265F8D02492382C004B53BD;
					};
					A265F8F52492386B004B53BD = {
						CreatedOnToolsVersion = 11.5;
						TestTargetID = A265F8D02492382C004B53BD;
					};
					A265F909249238CB004B53BD = {
						CreatedOnToolsVersion = 11.5;
					};
					C13C134724912C8800CE6841 = {
						CreatedOnToolsVersion = 11.5;
					};
					C13C135C24912C8C00CE6841 = {
						CreatedOnToolsVersion = 11.5;
						TestTargetID = C13C134724912C8800CE6841;
					};
					C13C136724912C8C00CE6841 = {
						CreatedOnToolsVersion = 11.5;
						TestTargetID = C13C134724912C8800CE6841;
					};
					C1BAA67C248CF14B00BD45A9 = {
						CreatedOnToolsVersion = 11.5;
					};
					C1BAA692248CF15000BD45A9 = {
						CreatedOnToolsVersion = 11.5;
						TestTargetID = C1BAA67C248CF14B00BD45A9;
					};
					C1BAA69D248CF15000BD45A9 = {
						CreatedOnToolsVersion = 11.5;
						TestTargetID = C1BAA67C248CF14B00BD45A9;
					};
				};
			};
			buildConfigurationList = C1BAA678248CF14B00BD45A9 /* Build configuration list for PBXProject "GPUImage的使用" */;
			compatibilityVersion = "Xcode 9.3";
			developmentRegion = en;
			hasScannedForEncodings = 0;
			knownRegions = (
				en,
				Base,
			);
			mainGroup = C1BAA674248CF14B00BD45A9;
			productRefGroup = C1BAA67E248CF14B00BD45A9 /* Products */;
			projectDirPath = "";
			projectRoot = "";
			targets = (
				C1BAA67C248CF14B00BD45A9 /* GPUImage的使用 */,
				C1BAA692248CF15000BD45A9 /* GPUImage的使用Tests */,
				C1BAA69D248CF15000BD45A9 /* GPUImage的使用UITests */,
				C13C134724912C8800CE6841 /* 其他滤镜 */,
				C13C135C24912C8C00CE6841 /* 其他滤镜Tests */,
				C13C136724912C8C00CE6841 /* 其他滤镜UITests */,
				A265F8D02492382C004B53BD /* GPUImage美颜相机 */,
				A265F8EA2492386B004B53BD /* GPUImage美颜相机Tests */,
				A265F8F52492386B004B53BD /* GPUImage美颜相机UITests */,
				A265F909249238CB004B53BD /* 美颜相机-GPUImage */,
			);
		};
/* End PBXProject section */

/* Begin PBXResourcesBuildPhase section */
		A265F8CF2492382C004B53BD /* Resources */ = {
			isa = PBXResourcesBuildPhase;
			buildActionMask = 2147483647;
			files = (
			);
			runOnlyForDeploymentPostprocessing = 0;
		};
		A265F8E92492386B004B53BD /* Resources */ = {
			isa = PBXResourcesBuildPhase;
			buildActionMask = 2147483647;
			files = (
			);
			runOnlyForDeploymentPostprocessing = 0;
		};
		A265F8F42492386B004B53BD /* Resources */ = {
			isa = PBXResourcesBuildPhase;
			buildActionMask = 2147483647;
			files = (
			);
			runOnlyForDeploymentPostprocessing = 0;
		};
		A265F908249238CB004B53BD /* Resources */ = {
			isa = PBXResourcesBuildPhase;
			buildActionMask = 2147483647;
			files = (
				A265F919249238E8004B53BD /* LaunchScreen.storyboard in Resources */,
				A265F916249238E8004B53BD /* Assets.xcassets in Resources */,
				A265F914249238CB004B53BD /* Main.storyboard in Resources */,
			);
			runOnlyForDeploymentPostprocessing = 0;
		};
		C13C134624912C8800CE6841 /* Resources */ = {
			isa = PBXResourcesBuildPhase;
			buildActionMask = 2147483647;
			files = (
				C13C135724912C8C00CE6841 /* LaunchScreen.storyboard in Resources */,
				C13C137E249131E300CE6841 /* 杨幂.jpeg in Resources */,
				C13C135424912C8C00CE6841 /* Assets.xcassets in Resources */,
				C13C135224912C8800CE6841 /* Main.storyboard in Resources */,
			);
			runOnlyForDeploymentPostprocessing = 0;
		};
		C13C135B24912C8C00CE6841 /* Resources */ = {
			isa = PBXResourcesBuildPhase;
			buildActionMask = 2147483647;
			files = (
			);
			runOnlyForDeploymentPostprocessing = 0;
		};
		C13C136624912C8C00CE6841 /* Resources */ = {
			isa = PBXResourcesBuildPhase;
			buildActionMask = 2147483647;
			files = (
			);
			runOnlyForDeploymentPostprocessing = 0;
		};
		C1BAA67B248CF14B00BD45A9 /* Resources */ = {
			isa = PBXResourcesBuildPhase;
			buildActionMask = 2147483647;
			files = (
				C1BAA68D248CF15000BD45A9 /* LaunchScreen.storyboard in Resources */,
				C1BAA6B1248CF38900BD45A9 /* 杨幂.jpeg in Resources */,
				C1BAA68A248CF15000BD45A9 /* Assets.xcassets in Resources */,
				C1BAA688248CF14B00BD45A9 /* Main.storyboard in Resources */,
			);
			runOnlyForDeploymentPostprocessing = 0;
		};
		C1BAA691248CF15000BD45A9 /* Resources */ = {
			isa = PBXResourcesBuildPhase;
			buildActionMask = 2147483647;
			files = (
			);
			runOnlyForDeploymentPostprocessing = 0;
		};
		C1BAA69C248CF15000BD45A9 /* Resources */ = {
			isa = PBXResourcesBuildPhase;
			buildActionMask = 2147483647;
			files = (
			);
			runOnlyForDeploymentPostprocessing = 0;
		};
/* End PBXResourcesBuildPhase section */

/* Begin PBXShellScriptBuildPhase section */
		07C66E1680D35A8F2CEC0F87 /* [CP] Embed Pods Frameworks */ = {
			isa = PBXShellScriptBuildPhase;
			buildActionMask = 2147483647;
			files = (
			);
			inputFileListPaths = (
				"${PODS_ROOT}/Target Support Files/Pods-美颜相机-GPUImage/Pods-美颜相机-GPUImage-frameworks-${CONFIGURATION}-input-files.xcfilelist",
			);
			name = "[CP] Embed Pods Frameworks";
			outputFileListPaths = (
				"${PODS_ROOT}/Target Support Files/Pods-美颜相机-GPUImage/Pods-美颜相机-GPUImage-frameworks-${CONFIGURATION}-output-files.xcfilelist",
			);
			runOnlyForDeploymentPostprocessing = 0;
			shellPath = /bin/sh;
			shellScript = "\"${PODS_ROOT}/Target Support Files/Pods-美颜相机-GPUImage/Pods-美颜相机-GPUImage-frameworks.sh\"\n";
			showEnvVarsInLog = 0;
		};
		377ABCB0ABC70BA8E24527E5 /* [CP] Embed Pods Frameworks */ = {
			isa = PBXShellScriptBuildPhase;
			buildActionMask = 2147483647;
			files = (
			);
			inputFileListPaths = (
				"${PODS_ROOT}/Target Support Files/Pods-GPUImage的使用/Pods-GPUImage的使用-frameworks-${CONFIGURATION}-input-files.xcfilelist",
			);
			name = "[CP] Embed Pods Frameworks";
			outputFileListPaths = (
				"${PODS_ROOT}/Target Support Files/Pods-GPUImage的使用/Pods-GPUImage的使用-frameworks-${CONFIGURATION}-output-files.xcfilelist",
			);
			runOnlyForDeploymentPostprocessing = 0;
			shellPath = /bin/sh;
			shellScript = "\"${PODS_ROOT}/Target Support Files/Pods-GPUImage的使用/Pods-GPUImage的使用-frameworks.sh\"\n";
			showEnvVarsInLog = 0;
		};
		8715194CD091DD0DBDDADEFA /* [CP] Check Pods Manifest.lock */ = {
			isa = PBXShellScriptBuildPhase;
			buildActionMask = 2147483647;
			files = (
			);
			inputFileListPaths = (
			);
			inputPaths = (
				"${PODS_PODFILE_DIR_PATH}/Podfile.lock",
				"${PODS_ROOT}/Manifest.lock",
			);
			name = "[CP] Check Pods Manifest.lock";
			outputFileListPaths = (
			);
			outputPaths = (
				"$(DERIVED_FILE_DIR)/Pods-美颜相机-GPUImage-checkManifestLockResult.txt",
			);
			runOnlyForDeploymentPostprocessing = 0;
			shellPath = /bin/sh;
			shellScript = "diff \"${PODS_PODFILE_DIR_PATH}/Podfile.lock\" \"${PODS_ROOT}/Manifest.lock\" > /dev/null\nif [ $? != 0 ] ; then\n    # print error to STDERR\n    echo \"error: The sandbox is not in sync with the Podfile.lock. Run 'pod install' or update your CocoaPods installation.\" >&2\n    exit 1\nfi\n# This output is used by Xcode 'outputs' to avoid re-running this script phase.\necho \"SUCCESS\" > \"${SCRIPT_OUTPUT_FILE_0}\"\n";
			showEnvVarsInLog = 0;
		};
		B170F892A54DED4A69532C41 /* [CP] Embed Pods Frameworks */ = {
			isa = PBXShellScriptBuildPhase;
			buildActionMask = 2147483647;
			files = (
			);
			inputFileListPaths = (
				"${PODS_ROOT}/Target Support Files/Pods-其他滤镜/Pods-其他滤镜-frameworks-${CONFIGURATION}-input-files.xcfilelist",
			);
			name = "[CP] Embed Pods Frameworks";
			outputFileListPaths = (
				"${PODS_ROOT}/Target Support Files/Pods-其他滤镜/Pods-其他滤镜-frameworks-${CONFIGURATION}-output-files.xcfilelist",
			);
			runOnlyForDeploymentPostprocessing = 0;
			shellPath = /bin/sh;
			shellScript = "\"${PODS_ROOT}/Target Support Files/Pods-其他滤镜/Pods-其他滤镜-frameworks.sh\"\n";
			showEnvVarsInLog = 0;
		};
		C7B99C93934A4F528DF8749C /* [CP] Check Pods Manifest.lock */ = {
			isa = PBXShellScriptBuildPhase;
			buildActionMask = 2147483647;
			files = (
			);
			inputFileListPaths = (
			);
			inputPaths = (
				"${PODS_PODFILE_DIR_PATH}/Podfile.lock",
				"${PODS_ROOT}/Manifest.lock",
			);
			name = "[CP] Check Pods Manifest.lock";
			outputFileListPaths = (
			);
			outputPaths = (
				"$(DERIVED_FILE_DIR)/Pods-GPUImage的使用-checkManifestLockResult.txt",
			);
			runOnlyForDeploymentPostprocessing = 0;
			shellPath = /bin/sh;
			shellScript = "diff \"${PODS_PODFILE_DIR_PATH}/Podfile.lock\" \"${PODS_ROOT}/Manifest.lock\" > /dev/null\nif [ $? != 0 ] ; then\n    # print error to STDERR\n    echo \"error: The sandbox is not in sync with the Podfile.lock. Run 'pod install' or update your CocoaPods installation.\" >&2\n    exit 1\nfi\n# This output is used by Xcode 'outputs' to avoid re-running this script phase.\necho \"SUCCESS\" > \"${SCRIPT_OUTPUT_FILE_0}\"\n";
			showEnvVarsInLog = 0;
		};
		F280620AE8CB1E91E39B359A /* [CP] Check Pods Manifest.lock */ = {
			isa = PBXShellScriptBuildPhase;
			buildActionMask = 2147483647;
			files = (
			);
			inputFileListPaths = (
			);
			inputPaths = (
				"${PODS_PODFILE_DIR_PATH}/Podfile.lock",
				"${PODS_ROOT}/Manifest.lock",
			);
			name = "[CP] Check Pods Manifest.lock";
			outputFileListPaths = (
			);
			outputPaths = (
				"$(DERIVED_FILE_DIR)/Pods-其他滤镜-checkManifestLockResult.txt",
			);
			runOnlyForDeploymentPostprocessing = 0;
			shellPath = /bin/sh;
			shellScript = "diff \"${PODS_PODFILE_DIR_PATH}/Podfile.lock\" \"${PODS_ROOT}/Manifest.lock\" > /dev/null\nif [ $? != 0 ] ; then\n    # print error to STDERR\n    echo \"error: The sandbox is not in sync with the Podfile.lock. Run 'pod install' or update your CocoaPods installation.\" >&2\n    exit 1\nfi\n# This output is used by Xcode 'outputs' to avoid re-running this script phase.\necho \"SUCCESS\" > \"${SCRIPT_OUTPUT_FILE_0}\"\n";
			showEnvVarsInLog = 0;
		};
/* End PBXShellScriptBuildPhase section */

/* Begin PBXSourcesBuildPhase section */
		A265F8CD2492382C004B53BD /* Sources */ = {
			isa = PBXSourcesBuildPhase;
			buildActionMask = 2147483647;
			files = (
			);
			runOnlyForDeploymentPostprocessing = 0;
		};
		A265F8E72492386B004B53BD /* Sources */ = {
			isa = PBXSourcesBuildPhase;
			buildActionMask = 2147483647;
			files = (
			);
			runOnlyForDeploymentPostprocessing = 0;
		};
		A265F8F22492386B004B53BD /* Sources */ = {
			isa = PBXSourcesBuildPhase;
			buildActionMask = 2147483647;
			files = (
			);
			runOnlyForDeploymentPostprocessing = 0;
		};
		A265F906249238CB004B53BD /* Sources */ = {
			isa = PBXSourcesBuildPhase;
			buildActionMask = 2147483647;
			files = (
				A265F911249238CB004B53BD /* ViewController.swift in Sources */,
				A265F90D249238CB004B53BD /* AppDelegate.swift in Sources */,
				A265F90F249238CB004B53BD /* SceneDelegate.swift in Sources */,
			);
			runOnlyForDeploymentPostprocessing = 0;
		};
		C13C134424912C8800CE6841 /* Sources */ = {
			isa = PBXSourcesBuildPhase;
			buildActionMask = 2147483647;
			files = (
				C13C134F24912C8800CE6841 /* ViewController.swift in Sources */,
				C13C134B24912C8800CE6841 /* AppDelegate.swift in Sources */,
				C13C134D24912C8800CE6841 /* SceneDelegate.swift in Sources */,
			);
			runOnlyForDeploymentPostprocessing = 0;
		};
		C13C135924912C8C00CE6841 /* Sources */ = {
			isa = PBXSourcesBuildPhase;
			buildActionMask = 2147483647;
			files = (
				C13C136224912C8C00CE6841 /* ____Tests.swift in Sources */,
			);
			runOnlyForDeploymentPostprocessing = 0;
		};
		C13C136424912C8C00CE6841 /* Sources */ = {
			isa = PBXSourcesBuildPhase;
			buildActionMask = 2147483647;
			files = (
				C13C136D24912C8C00CE6841 /* ____UITests.swift in Sources */,
			);
			runOnlyForDeploymentPostprocessing = 0;
		};
		C1BAA679248CF14B00BD45A9 /* Sources */ = {
			isa = PBXSourcesBuildPhase;
			buildActionMask = 2147483647;
			files = (
				C1BAA685248CF14B00BD45A9 /* ViewController.swift in Sources */,
				C1BAA681248CF14B00BD45A9 /* AppDelegate.swift in Sources */,
				C1BAA683248CF14B00BD45A9 /* SceneDelegate.swift in Sources */,
			);
			runOnlyForDeploymentPostprocessing = 0;
		};
		C1BAA68F248CF15000BD45A9 /* Sources */ = {
			isa = PBXSourcesBuildPhase;
			buildActionMask = 2147483647;
			files = (
				C1BAA698248CF15000BD45A9 /* GPUImage___Tests.swift in Sources */,
			);
			runOnlyForDeploymentPostprocessing = 0;
		};
		C1BAA69A248CF15000BD45A9 /* Sources */ = {
			isa = PBXSourcesBuildPhase;
			buildActionMask = 2147483647;
			files = (
				C1BAA6A3248CF15000BD45A9 /* GPUImage___UITests.swift in Sources */,
			);
			runOnlyForDeploymentPostprocessing = 0;
		};
/* End PBXSourcesBuildPhase section */

/* Begin PBXTargetDependency section */
		A265F8ED2492386B004B53BD /* PBXTargetDependency */ = {
			isa = PBXTargetDependency;
			target = A265F8D02492382C004B53BD /* GPUImage美颜相机 */;
			targetProxy = A265F8EC2492386B004B53BD /* PBXContainerItemProxy */;
		};
		A265F8F82492386B004B53BD /* PBXTargetDependency */ = {
			isa = PBXTargetDependency;
			target = A265F8D02492382C004B53BD /* GPUImage美颜相机 */;
			targetProxy = A265F8F72492386B004B53BD /* PBXContainerItemProxy */;
		};
		C13C135F24912C8C00CE6841 /* PBXTargetDependency */ = {
			isa = PBXTargetDependency;
			target = C13C134724912C8800CE6841 /* 其他滤镜 */;
			targetProxy = C13C135E24912C8C00CE6841 /* PBXContainerItemProxy */;
		};
		C13C136A24912C8C00CE6841 /* PBXTargetDependency */ = {
			isa = PBXTargetDependency;
			target = C13C134724912C8800CE6841 /* 其他滤镜 */;
			targetProxy = C13C136924912C8C00CE6841 /* PBXContainerItemProxy */;
		};
		C1BAA695248CF15000BD45A9 /* PBXTargetDependency */ = {
			isa = PBXTargetDependency;
			target = C1BAA67C248CF14B00BD45A9 /* GPUImage的使用 */;
			targetProxy = C1BAA694248CF15000BD45A9 /* PBXContainerItemProxy */;
		};
		C1BAA6A0248CF15000BD45A9 /* PBXTargetDependency */ = {
			isa = PBXTargetDependency;
			target = C1BAA67C248CF14B00BD45A9 /* GPUImage的使用 */;
			targetProxy = C1BAA69F248CF15000BD45A9 /* PBXContainerItemProxy */;
		};
/* End PBXTargetDependency section */

/* Begin PBXVariantGroup section */
		A265F912249238CB004B53BD /* Main.storyboard */ = {
			isa = PBXVariantGroup;
			children = (
				A265F913249238CB004B53BD /* Base */,
			);
			name = Main.storyboard;
			sourceTree = "<group>";
		};
		A265F917249238E8004B53BD /* LaunchScreen.storyboard */ = {
			isa = PBXVariantGroup;
			children = (
				A265F918249238E8004B53BD /* Base */,
			);
			name = LaunchScreen.storyboard;
			sourceTree = "<group>";
		};
		C13C135024912C8800CE6841 /* Main.storyboard */ = {
			isa = PBXVariantGroup;
			children = (
				C13C135124912C8800CE6841 /* Base */,
			);
			name = Main.storyboard;
			sourceTree = "<group>";
		};
		C13C135524912C8C00CE6841 /* LaunchScreen.storyboard */ = {
			isa = PBXVariantGroup;
			children = (
				C13C135624912C8C00CE6841 /* Base */,
			);
			name = LaunchScreen.storyboard;
			sourceTree = "<group>";
		};
		C1BAA686248CF14B00BD45A9 /* Main.storyboard */ = {
			isa = PBXVariantGroup;
			children = (
				C1BAA687248CF14B00BD45A9 /* Base */,
			);
			name = Main.storyboard;
			sourceTree = "<group>";
		};
		C1BAA68B248CF15000BD45A9 /* LaunchScreen.storyboard */ = {
			isa = PBXVariantGroup;
			children = (
				C1BAA68C248CF15000BD45A9 /* Base */,
			);
			name = LaunchScreen.storyboard;
			sourceTree = "<group>";
		};
/* End PBXVariantGroup section */

/* Begin XCBuildConfiguration section */
		A265F8FD2492386B004B53BD /* Debug */ = {
			isa = XCBuildConfiguration;
			buildSettings = {
				ASSETCATALOG_COMPILER_APPICON_NAME = AppIcon;
				CODE_SIGN_STYLE = Automatic;
				DEVELOPMENT_TEAM = K8ETH5Y5NB;
				INFOPLIST_FILE = "GPUImage美颜相机/Info.plist";
				LD_RUNPATH_SEARCH_PATHS = (
					"$(inherited)",
					"@executable_path/Frameworks",
				);
				PRODUCT_BUNDLE_IDENTIFIER = "LS.GPUImage----";
				PRODUCT_NAME = "$(TARGET_NAME)";
				TARGETED_DEVICE_FAMILY = "1,2";
			};
			name = Debug;
		};
		A265F8FE2492386B004B53BD /* Release */ = {
			isa = XCBuildConfiguration;
			buildSettings = {
				ASSETCATALOG_COMPILER_APPICON_NAME = AppIcon;
				CODE_SIGN_STYLE = Automatic;
				DEVELOPMENT_TEAM = K8ETH5Y5NB;
				INFOPLIST_FILE = "GPUImage美颜相机/Info.plist";
				LD_RUNPATH_SEARCH_PATHS = (
					"$(inherited)",
					"@executable_path/Frameworks",
				);
				PRODUCT_BUNDLE_IDENTIFIER = "LS.GPUImage----";
				PRODUCT_NAME = "$(TARGET_NAME)";
				TARGETED_DEVICE_FAMILY = "1,2";
			};
			name = Release;
		};
		A265F8FF2492386B004B53BD /* Debug */ = {
			isa = XCBuildConfiguration;
			buildSettings = {
				BUNDLE_LOADER = "$(TEST_HOST)";
				CODE_SIGN_STYLE = Automatic;
				DEVELOPMENT_TEAM = K8ETH5Y5NB;
				INFOPLIST_FILE = "GPUImage美颜相机Tests/Info.plist";
				IPHONEOS_DEPLOYMENT_TARGET = 13.5;
				LD_RUNPATH_SEARCH_PATHS = (
					"$(inherited)",
					"@executable_path/Frameworks",
					"@loader_path/Frameworks",
				);
				PRODUCT_BUNDLE_IDENTIFIER = "LS.GPUImage----Tests";
				PRODUCT_NAME = "$(TARGET_NAME)";
				TARGETED_DEVICE_FAMILY = "1,2";
				TEST_HOST = "$(BUILT_PRODUCTS_DIR)/GPUImage美颜相机.app/GPUImage美颜相机";
			};
			name = Debug;
		};
		A265F9002492386B004B53BD /* Release */ = {
			isa = XCBuildConfiguration;
			buildSettings = {
				BUNDLE_LOADER = "$(TEST_HOST)";
				CODE_SIGN_STYLE = Automatic;
				DEVELOPMENT_TEAM = K8ETH5Y5NB;
				INFOPLIST_FILE = "GPUImage美颜相机Tests/Info.plist";
				IPHONEOS_DEPLOYMENT_TARGET = 13.5;
				LD_RUNPATH_SEARCH_PATHS = (
					"$(inherited)",
					"@executable_path/Frameworks",
					"@loader_path/Frameworks",
				);
				PRODUCT_BUNDLE_IDENTIFIER = "LS.GPUImage----Tests";
				PRODUCT_NAME = "$(TARGET_NAME)";
				TARGETED_DEVICE_FAMILY = "1,2";
				TEST_HOST = "$(BUILT_PRODUCTS_DIR)/GPUImage美颜相机.app/GPUImage美颜相机";
			};
			name = Release;
		};
		A265F9012492386B004B53BD /* Debug */ = {
			isa = XCBuildConfiguration;
			buildSettings = {
				CODE_SIGN_STYLE = Automatic;
				DEVELOPMENT_TEAM = K8ETH5Y5NB;
				INFOPLIST_FILE = "GPUImage美颜相机UITests/Info.plist";
				LD_RUNPATH_SEARCH_PATHS = (
					"$(inherited)",
					"@executable_path/Frameworks",
					"@loader_path/Frameworks",
				);
				PRODUCT_BUNDLE_IDENTIFIER = "LS.GPUImage----UITests";
				PRODUCT_NAME = "$(TARGET_NAME)";
				TARGETED_DEVICE_FAMILY = "1,2";
				TEST_TARGET_NAME = "GPUImage美颜相机";
			};
			name = Debug;
		};
		A265F9022492386B004B53BD /* Release */ = {
			isa = XCBuildConfiguration;
			buildSettings = {
				CODE_SIGN_STYLE = Automatic;
				DEVELOPMENT_TEAM = K8ETH5Y5NB;
				INFOPLIST_FILE = "GPUImage美颜相机UITests/Info.plist";
				LD_RUNPATH_SEARCH_PATHS = (
					"$(inherited)",
					"@executable_path/Frameworks",
					"@loader_path/Frameworks",
				);
				PRODUCT_BUNDLE_IDENTIFIER = "LS.GPUImage----UITests";
				PRODUCT_NAME = "$(TARGET_NAME)";
				TARGETED_DEVICE_FAMILY = "1,2";
				TEST_TARGET_NAME = "GPUImage美颜相机";
			};
			name = Release;
		};
		A265F91C249238E8004B53BD /* Debug */ = {
			isa = XCBuildConfiguration;
			baseConfigurationReference = E7B9AEEB082E732A2484CF67 /* Pods-美颜相机-GPUImage.debug.xcconfig */;
			buildSettings = {
				ASSETCATALOG_COMPILER_APPICON_NAME = AppIcon;
				CODE_SIGN_STYLE = Automatic;
				DEVELOPMENT_TEAM = K8ETH5Y5NB;
				INFOPLIST_FILE = "美颜相机-GPUImage/Info.plist";
				IPHONEOS_DEPLOYMENT_TARGET = 13.0;
				LD_RUNPATH_SEARCH_PATHS = (
					"$(inherited)",
					"@executable_path/Frameworks",
				);
				PRODUCT_BUNDLE_IDENTIFIER = "LS.-----GPUImage";
				PRODUCT_NAME = "$(TARGET_NAME)";
				SWIFT_VERSION = 5.0;
				TARGETED_DEVICE_FAMILY = "1,2";
			};
			name = Debug;
		};
		A265F91D249238E8004B53BD /* Release */ = {
			isa = XCBuildConfiguration;
			baseConfigurationReference = CDD1DF4DF9B9224E47A2DDBF /* Pods-美颜相机-GPUImage.release.xcconfig */;
			buildSettings = {
				ASSETCATALOG_COMPILER_APPICON_NAME = AppIcon;
				CODE_SIGN_STYLE = Automatic;
				DEVELOPMENT_TEAM = K8ETH5Y5NB;
				INFOPLIST_FILE = "美颜相机-GPUImage/Info.plist";
				IPHONEOS_DEPLOYMENT_TARGET = 13.0;
				LD_RUNPATH_SEARCH_PATHS = (
					"$(inherited)",
					"@executable_path/Frameworks",
				);
				PRODUCT_BUNDLE_IDENTIFIER = "LS.-----GPUImage";
				PRODUCT_NAME = "$(TARGET_NAME)";
				SWIFT_VERSION = 5.0;
				TARGETED_DEVICE_FAMILY = "1,2";
			};
			name = Release;
		};
		C13C137024912C8C00CE6841 /* Debug */ = {
			isa = XCBuildConfiguration;
			baseConfigurationReference = 0CA3FDA76D32CCE5AF8DC06C /* Pods-其他滤镜.debug.xcconfig */;
			buildSettings = {
				ASSETCATALOG_COMPILER_APPICON_NAME = AppIcon;
				CODE_SIGN_STYLE = Automatic;
				DEVELOPMENT_TEAM = 58GP5T8P44;
				INFOPLIST_FILE = "其他滤镜/Info.plist";
				LD_RUNPATH_SEARCH_PATHS = (
					"$(inherited)",
					"@executable_path/Frameworks",
				);
				PRODUCT_BUNDLE_IDENTIFIER = "com.ls.ls.----";
				PRODUCT_NAME = "$(TARGET_NAME)";
				SWIFT_VERSION = 5.0;
				TARGETED_DEVICE_FAMILY = "1,2";
			};
			name = Debug;
		};
		C13C137124912C8C00CE6841 /* Release */ = {
			isa = XCBuildConfiguration;
			baseConfigurationReference = 160F42EB1BC53BACFFE1F805 /* Pods-其他滤镜.release.xcconfig */;
			buildSettings = {
				ASSETCATALOG_COMPILER_APPICON_NAME = AppIcon;
				CODE_SIGN_STYLE = Automatic;
				DEVELOPMENT_TEAM = 58GP5T8P44;
				INFOPLIST_FILE = "其他滤镜/Info.plist";
				LD_RUNPATH_SEARCH_PATHS = (
					"$(inherited)",
					"@executable_path/Frameworks",
				);
				PRODUCT_BUNDLE_IDENTIFIER = "com.ls.ls.----";
				PRODUCT_NAME = "$(TARGET_NAME)";
				SWIFT_VERSION = 5.0;
				TARGETED_DEVICE_FAMILY = "1,2";
			};
			name = Release;
		};
		C13C137324912C8C00CE6841 /* Debug */ = {
			isa = XCBuildConfiguration;
			buildSettings = {
				ALWAYS_EMBED_SWIFT_STANDARD_LIBRARIES = YES;
				BUNDLE_LOADER = "$(TEST_HOST)";
				CODE_SIGN_STYLE = Automatic;
				DEVELOPMENT_TEAM = 58GP5T8P44;
				INFOPLIST_FILE = "其他滤镜Tests/Info.plist";
				IPHONEOS_DEPLOYMENT_TARGET = 13.5;
				LD_RUNPATH_SEARCH_PATHS = (
					"$(inherited)",
					"@executable_path/Frameworks",
					"@loader_path/Frameworks",
				);
				PRODUCT_BUNDLE_IDENTIFIER = "com.ls.ls.----Tests";
				PRODUCT_NAME = "$(TARGET_NAME)";
				SWIFT_VERSION = 5.0;
				TARGETED_DEVICE_FAMILY = "1,2";
				TEST_HOST = "$(BUILT_PRODUCTS_DIR)/其他滤镜.app/其他滤镜";
			};
			name = Debug;
		};
		C13C137424912C8C00CE6841 /* Release */ = {
			isa = XCBuildConfiguration;
			buildSettings = {
				ALWAYS_EMBED_SWIFT_STANDARD_LIBRARIES = YES;
				BUNDLE_LOADER = "$(TEST_HOST)";
				CODE_SIGN_STYLE = Automatic;
				DEVELOPMENT_TEAM = 58GP5T8P44;
				INFOPLIST_FILE = "其他滤镜Tests/Info.plist";
				IPHONEOS_DEPLOYMENT_TARGET = 13.5;
				LD_RUNPATH_SEARCH_PATHS = (
					"$(inherited)",
					"@executable_path/Frameworks",
					"@loader_path/Frameworks",
				);
				PRODUCT_BUNDLE_IDENTIFIER = "com.ls.ls.----Tests";
				PRODUCT_NAME = "$(TARGET_NAME)";
				SWIFT_VERSION = 5.0;
				TARGETED_DEVICE_FAMILY = "1,2";
				TEST_HOST = "$(BUILT_PRODUCTS_DIR)/其他滤镜.app/其他滤镜";
			};
			name = Release;
		};
		C13C137624912C8C00CE6841 /* Debug */ = {
			isa = XCBuildConfiguration;
			buildSettings = {
				ALWAYS_EMBED_SWIFT_STANDARD_LIBRARIES = YES;
				CODE_SIGN_STYLE = Automatic;
				DEVELOPMENT_TEAM = 58GP5T8P44;
				INFOPLIST_FILE = "其他滤镜UITests/Info.plist";
				LD_RUNPATH_SEARCH_PATHS = (
					"$(inherited)",
					"@executable_path/Frameworks",
					"@loader_path/Frameworks",
				);
				PRODUCT_BUNDLE_IDENTIFIER = "com.ls.ls.----UITests";
				PRODUCT_NAME = "$(TARGET_NAME)";
				SWIFT_VERSION = 5.0;
				TARGETED_DEVICE_FAMILY = "1,2";
				TEST_TARGET_NAME = "其他滤镜";
			};
			name = Debug;
		};
		C13C137724912C8C00CE6841 /* Release */ = {
			isa = XCBuildConfiguration;
			buildSettings = {
				ALWAYS_EMBED_SWIFT_STANDARD_LIBRARIES = YES;
				CODE_SIGN_STYLE = Automatic;
				DEVELOPMENT_TEAM = 58GP5T8P44;
				INFOPLIST_FILE = "其他滤镜UITests/Info.plist";
				LD_RUNPATH_SEARCH_PATHS = (
					"$(inherited)",
					"@executable_path/Frameworks",
					"@loader_path/Frameworks",
				);
				PRODUCT_BUNDLE_IDENTIFIER = "com.ls.ls.----UITests";
				PRODUCT_NAME = "$(TARGET_NAME)";
				SWIFT_VERSION = 5.0;
				TARGETED_DEVICE_FAMILY = "1,2";
				TEST_TARGET_NAME = "其他滤镜";
			};
			name = Release;
		};
		C1BAA6A5248CF15000BD45A9 /* Debug */ = {
			isa = XCBuildConfiguration;
			buildSettings = {
				ALWAYS_SEARCH_USER_PATHS = NO;
				CLANG_ANALYZER_NONNULL = YES;
				CLANG_ANALYZER_NUMBER_OBJECT_CONVERSION = YES_AGGRESSIVE;
				CLANG_CXX_LANGUAGE_STANDARD = "gnu++14";
				CLANG_CXX_LIBRARY = "libc++";
				CLANG_ENABLE_MODULES = YES;
				CLANG_ENABLE_OBJC_ARC = YES;
				CLANG_ENABLE_OBJC_WEAK = YES;
				CLANG_WARN_BLOCK_CAPTURE_AUTORELEASING = YES;
				CLANG_WARN_BOOL_CONVERSION = YES;
				CLANG_WARN_COMMA = YES;
				CLANG_WARN_CONSTANT_CONVERSION = YES;
				CLANG_WARN_DEPRECATED_OBJC_IMPLEMENTATIONS = YES;
				CLANG_WARN_DIRECT_OBJC_ISA_USAGE = YES_ERROR;
				CLANG_WARN_DOCUMENTATION_COMMENTS = YES;
				CLANG_WARN_EMPTY_BODY = YES;
				CLANG_WARN_ENUM_CONVERSION = YES;
				CLANG_WARN_INFINITE_RECURSION = YES;
				CLANG_WARN_INT_CONVERSION = YES;
				CLANG_WARN_NON_LITERAL_NULL_CONVERSION = YES;
				CLANG_WARN_OBJC_IMPLICIT_RETAIN_SELF = YES;
				CLANG_WARN_OBJC_LITERAL_CONVERSION = YES;
				CLANG_WARN_OBJC_ROOT_CLASS = YES_ERROR;
				CLANG_WARN_RANGE_LOOP_ANALYSIS = YES;
				CLANG_WARN_STRICT_PROTOTYPES = YES;
				CLANG_WARN_SUSPICIOUS_MOVE = YES;
				CLANG_WARN_UNGUARDED_AVAILABILITY = YES_AGGRESSIVE;
				CLANG_WARN_UNREACHABLE_CODE = YES;
				CLANG_WARN__DUPLICATE_METHOD_MATCH = YES;
				COPY_PHASE_STRIP = NO;
				DEBUG_INFORMATION_FORMAT = dwarf;
				ENABLE_STRICT_OBJC_MSGSEND = YES;
				ENABLE_TESTABILITY = YES;
				GCC_C_LANGUAGE_STANDARD = gnu11;
				GCC_DYNAMIC_NO_PIC = NO;
				GCC_NO_COMMON_BLOCKS = YES;
				GCC_OPTIMIZATION_LEVEL = 0;
				GCC_PREPROCESSOR_DEFINITIONS = (
					"DEBUG=1",
					"$(inherited)",
				);
				GCC_WARN_64_TO_32_BIT_CONVERSION = YES;
				GCC_WARN_ABOUT_RETURN_TYPE = YES_ERROR;
				GCC_WARN_UNDECLARED_SELECTOR = YES;
				GCC_WARN_UNINITIALIZED_AUTOS = YES_AGGRESSIVE;
				GCC_WARN_UNUSED_FUNCTION = YES;
				GCC_WARN_UNUSED_VARIABLE = YES;
				IPHONEOS_DEPLOYMENT_TARGET = 13.5;
				MTL_ENABLE_DEBUG_INFO = INCLUDE_SOURCE;
				MTL_FAST_MATH = YES;
				ONLY_ACTIVE_ARCH = YES;
				SDKROOT = iphoneos;
				SWIFT_ACTIVE_COMPILATION_CONDITIONS = DEBUG;
				SWIFT_OPTIMIZATION_LEVEL = "-Onone";
			};
			name = Debug;
		};
		C1BAA6A6248CF15000BD45A9 /* Release */ = {
			isa = XCBuildConfiguration;
			buildSettings = {
				ALWAYS_SEARCH_USER_PATHS = NO;
				CLANG_ANALYZER_NONNULL = YES;
				CLANG_ANALYZER_NUMBER_OBJECT_CONVERSION = YES_AGGRESSIVE;
				CLANG_CXX_LANGUAGE_STANDARD = "gnu++14";
				CLANG_CXX_LIBRARY = "libc++";
				CLANG_ENABLE_MODULES = YES;
				CLANG_ENABLE_OBJC_ARC = YES;
				CLANG_ENABLE_OBJC_WEAK = YES;
				CLANG_WARN_BLOCK_CAPTURE_AUTORELEASING = YES;
				CLANG_WARN_BOOL_CONVERSION = YES;
				CLANG_WARN_COMMA = YES;
				CLANG_WARN_CONSTANT_CONVERSION = YES;
				CLANG_WARN_DEPRECATED_OBJC_IMPLEMENTATIONS = YES;
				CLANG_WARN_DIRECT_OBJC_ISA_USAGE = YES_ERROR;
				CLANG_WARN_DOCUMENTATION_COMMENTS = YES;
				CLANG_WARN_EMPTY_BODY = YES;
				CLANG_WARN_ENUM_CONVERSION = YES;
				CLANG_WARN_INFINITE_RECURSION = YES;
				CLANG_WARN_INT_CONVERSION = YES;
				CLANG_WARN_NON_LITERAL_NULL_CONVERSION = YES;
				CLANG_WARN_OBJC_IMPLICIT_RETAIN_SELF = YES;
				CLANG_WARN_OBJC_LITERAL_CONVERSION = YES;
				CLANG_WARN_OBJC_ROOT_CLASS = YES_ERROR;
				CLANG_WARN_RANGE_LOOP_ANALYSIS = YES;
				CLANG_WARN_STRICT_PROTOTYPES = YES;
				CLANG_WARN_SUSPICIOUS_MOVE = YES;
				CLANG_WARN_UNGUARDED_AVAILABILITY = YES_AGGRESSIVE;
				CLANG_WARN_UNREACHABLE_CODE = YES;
				CLANG_WARN__DUPLICATE_METHOD_MATCH = YES;
				COPY_PHASE_STRIP = NO;
				DEBUG_INFORMATION_FORMAT = "dwarf-with-dsym";
				ENABLE_NS_ASSERTIONS = NO;
				ENABLE_STRICT_OBJC_MSGSEND = YES;
				GCC_C_LANGUAGE_STANDARD = gnu11;
				GCC_NO_COMMON_BLOCKS = YES;
				GCC_WARN_64_TO_32_BIT_CONVERSION = YES;
				GCC_WARN_ABOUT_RETURN_TYPE = YES_ERROR;
				GCC_WARN_UNDECLARED_SELECTOR = YES;
				GCC_WARN_UNINITIALIZED_AUTOS = YES_AGGRESSIVE;
				GCC_WARN_UNUSED_FUNCTION = YES;
				GCC_WARN_UNUSED_VARIABLE = YES;
				IPHONEOS_DEPLOYMENT_TARGET = 13.5;
				MTL_ENABLE_DEBUG_INFO = NO;
				MTL_FAST_MATH = YES;
				SDKROOT = iphoneos;
				SWIFT_COMPILATION_MODE = wholemodule;
				SWIFT_OPTIMIZATION_LEVEL = "-O";
				VALIDATE_PRODUCT = YES;
			};
			name = Release;
		};
		C1BAA6A8248CF15000BD45A9 /* Debug */ = {
			isa = XCBuildConfiguration;
			baseConfigurationReference = 37FB08A20AE01D16DC4658A3 /* Pods-GPUImage的使用.debug.xcconfig */;
			buildSettings = {
				ASSETCATALOG_COMPILER_APPICON_NAME = AppIcon;
				CODE_SIGN_STYLE = Automatic;
				DEVELOPMENT_TEAM = 58GP5T8P44;
				INFOPLIST_FILE = "GPUImage的使用/Info.plist";
				LD_RUNPATH_SEARCH_PATHS = (
					"$(inherited)",
					"@executable_path/Frameworks",
				);
				PRODUCT_BUNDLE_IDENTIFIER = "com.ls.ls.GPUImage---";
				PRODUCT_NAME = "$(TARGET_NAME)";
				SWIFT_VERSION = 5.0;
				TARGETED_DEVICE_FAMILY = "1,2";
			};
			name = Debug;
		};
		C1BAA6A9248CF15000BD45A9 /* Release */ = {
			isa = XCBuildConfiguration;
			baseConfigurationReference = 76D79BA0401115478FDDC38B /* Pods-GPUImage的使用.release.xcconfig */;
			buildSettings = {
				ASSETCATALOG_COMPILER_APPICON_NAME = AppIcon;
				CODE_SIGN_STYLE = Automatic;
				DEVELOPMENT_TEAM = 58GP5T8P44;
				INFOPLIST_FILE = "GPUImage的使用/Info.plist";
				LD_RUNPATH_SEARCH_PATHS = (
					"$(inherited)",
					"@executable_path/Frameworks",
				);
				PRODUCT_BUNDLE_IDENTIFIER = "com.ls.ls.GPUImage---";
				PRODUCT_NAME = "$(TARGET_NAME)";
				SWIFT_VERSION = 5.0;
				TARGETED_DEVICE_FAMILY = "1,2";
			};
			name = Release;
		};
		C1BAA6AB248CF15000BD45A9 /* Debug */ = {
			isa = XCBuildConfiguration;
			buildSettings = {
				ALWAYS_EMBED_SWIFT_STANDARD_LIBRARIES = YES;
				BUNDLE_LOADER = "$(TEST_HOST)";
				CODE_SIGN_STYLE = Automatic;
				DEVELOPMENT_TEAM = 58GP5T8P44;
				INFOPLIST_FILE = "GPUImage的使用Tests/Info.plist";
				IPHONEOS_DEPLOYMENT_TARGET = 13.5;
				LD_RUNPATH_SEARCH_PATHS = (
					"$(inherited)",
					"@executable_path/Frameworks",
					"@loader_path/Frameworks",
				);
				PRODUCT_BUNDLE_IDENTIFIER = "com.ls.ls.GPUImage---Tests";
				PRODUCT_NAME = "$(TARGET_NAME)";
				SWIFT_VERSION = 5.0;
				TARGETED_DEVICE_FAMILY = "1,2";
				TEST_HOST = "$(BUILT_PRODUCTS_DIR)/GPUImage的使用.app/GPUImage的使用";
			};
			name = Debug;
		};
		C1BAA6AC248CF15000BD45A9 /* Release */ = {
			isa = XCBuildConfiguration;
			buildSettings = {
				ALWAYS_EMBED_SWIFT_STANDARD_LIBRARIES = YES;
				BUNDLE_LOADER = "$(TEST_HOST)";
				CODE_SIGN_STYLE = Automatic;
				DEVELOPMENT_TEAM = 58GP5T8P44;
				INFOPLIST_FILE = "GPUImage的使用Tests/Info.plist";
				IPHONEOS_DEPLOYMENT_TARGET = 13.5;
				LD_RUNPATH_SEARCH_PATHS = (
					"$(inherited)",
					"@executable_path/Frameworks",
					"@loader_path/Frameworks",
				);
				PRODUCT_BUNDLE_IDENTIFIER = "com.ls.ls.GPUImage---Tests";
				PRODUCT_NAME = "$(TARGET_NAME)";
				SWIFT_VERSION = 5.0;
				TARGETED_DEVICE_FAMILY = "1,2";
				TEST_HOST = "$(BUILT_PRODUCTS_DIR)/GPUImage的使用.app/GPUImage的使用";
			};
			name = Release;
		};
		C1BAA6AE248CF15000BD45A9 /* Debug */ = {
			isa = XCBuildConfiguration;
			buildSettings = {
				ALWAYS_EMBED_SWIFT_STANDARD_LIBRARIES = YES;
				CODE_SIGN_STYLE = Automatic;
				DEVELOPMENT_TEAM = 58GP5T8P44;
				INFOPLIST_FILE = "GPUImage的使用UITests/Info.plist";
				LD_RUNPATH_SEARCH_PATHS = (
					"$(inherited)",
					"@executable_path/Frameworks",
					"@loader_path/Frameworks",
				);
				PRODUCT_BUNDLE_IDENTIFIER = "com.ls.ls.GPUImage---UITests";
				PRODUCT_NAME = "$(TARGET_NAME)";
				SWIFT_VERSION = 5.0;
				TARGETED_DEVICE_FAMILY = "1,2";
				TEST_TARGET_NAME = "GPUImage的使用";
			};
			name = Debug;
		};
		C1BAA6AF248CF15000BD45A9 /* Release */ = {
			isa = XCBuildConfiguration;
			buildSettings = {
				ALWAYS_EMBED_SWIFT_STANDARD_LIBRARIES = YES;
				CODE_SIGN_STYLE = Automatic;
				DEVELOPMENT_TEAM = 58GP5T8P44;
				INFOPLIST_FILE = "GPUImage的使用UITests/Info.plist";
				LD_RUNPATH_SEARCH_PATHS = (
					"$(inherited)",
					"@executable_path/Frameworks",
					"@loader_path/Frameworks",
				);
				PRODUCT_BUNDLE_IDENTIFIER = "com.ls.ls.GPUImage---UITests";
				PRODUCT_NAME = "$(TARGET_NAME)";
				SWIFT_VERSION = 5.0;
				TARGETED_DEVICE_FAMILY = "1,2";
				TEST_TARGET_NAME = "GPUImage的使用";
			};
			name = Release;
		};
/* End XCBuildConfiguration section */

/* Begin XCConfigurationList section */
		A265F9032492386B004B53BD /* Build configuration list for PBXNativeTarget "GPUImage美颜相机" */ = {
			isa = XCConfigurationList;
			buildConfigurations = (
				A265F8FD2492386B004B53BD /* Debug */,
				A265F8FE2492386B004B53BD /* Release */,
			);
			defaultConfigurationIsVisible = 0;
			defaultConfigurationName = Release;
		};
		A265F9042492386B004B53BD /* Build configuration list for PBXNativeTarget "GPUImage美颜相机Tests" */ = {
			isa = XCConfigurationList;
			buildConfigurations = (
				A265F8FF2492386B004B53BD /* Debug */,
				A265F9002492386B004B53BD /* Release */,
			);
			defaultConfigurationIsVisible = 0;
			defaultConfigurationName = Release;
		};
		A265F9052492386B004B53BD /* Build configuration list for PBXNativeTarget "GPUImage美颜相机UITests" */ = {
			isa = XCConfigurationList;
			buildConfigurations = (
				A265F9012492386B004B53BD /* Debug */,
				A265F9022492386B004B53BD /* Release */,
			);
			defaultConfigurationIsVisible = 0;
			defaultConfigurationName = Release;
		};
		A265F91B249238E8004B53BD /* Build configuration list for PBXNativeTarget "美颜相机-GPUImage" */ = {
			isa = XCConfigurationList;
			buildConfigurations = (
				A265F91C249238E8004B53BD /* Debug */,
				A265F91D249238E8004B53BD /* Release */,
			);
			defaultConfigurationIsVisible = 0;
			defaultConfigurationName = Release;
		};
		C13C136F24912C8C00CE6841 /* Build configuration list for PBXNativeTarget "其他滤镜" */ = {
			isa = XCConfigurationList;
			buildConfigurations = (
				C13C137024912C8C00CE6841 /* Debug */,
				C13C137124912C8C00CE6841 /* Release */,
			);
			defaultConfigurationIsVisible = 0;
			defaultConfigurationName = Release;
		};
		C13C137224912C8C00CE6841 /* Build configuration list for PBXNativeTarget "其他滤镜Tests" */ = {
			isa = XCConfigurationList;
			buildConfigurations = (
				C13C137324912C8C00CE6841 /* Debug */,
				C13C137424912C8C00CE6841 /* Release */,
			);
			defaultConfigurationIsVisible = 0;
			defaultConfigurationName = Release;
		};
		C13C137524912C8C00CE6841 /* Build configuration list for PBXNativeTarget "其他滤镜UITests" */ = {
			isa = XCConfigurationList;
			buildConfigurations = (
				C13C137624912C8C00CE6841 /* Debug */,
				C13C137724912C8C00CE6841 /* Release */,
			);
			defaultConfigurationIsVisible = 0;
			defaultConfigurationName = Release;
		};
		C1BAA678248CF14B00BD45A9 /* Build configuration list for PBXProject "GPUImage的使用" */ = {
			isa = XCConfigurationList;
			buildConfigurations = (
				C1BAA6A5248CF15000BD45A9 /* Debug */,
				C1BAA6A6248CF15000BD45A9 /* Release */,
			);
			defaultConfigurationIsVisible = 0;
			defaultConfigurationName = Release;
		};
		C1BAA6A7248CF15000BD45A9 /* Build configuration list for PBXNativeTarget "GPUImage的使用" */ = {
			isa = XCConfigurationList;
			buildConfigurations = (
				C1BAA6A8248CF15000BD45A9 /* Debug */,
				C1BAA6A9248CF15000BD45A9 /* Release */,
			);
			defaultConfigurationIsVisible = 0;
			defaultConfigurationName = Release;
		};
		C1BAA6AA248CF15000BD45A9 /* Build configuration list for PBXNativeTarget "GPUImage的使用Tests" */ = {
			isa = XCConfigurationList;
			buildConfigurations = (
				C1BAA6AB248CF15000BD45A9 /* Debug */,
				C1BAA6AC248CF15000BD45A9 /* Release */,
			);
			defaultConfigurationIsVisible = 0;
			defaultConfigurationName = Release;
		};
		C1BAA6AD248CF15000BD45A9 /* Build configuration list for PBXNativeTarget "GPUImage的使用UITests" */ = {
			isa = XCConfigurationList;
			buildConfigurations = (
				C1BAA6AE248CF15000BD45A9 /* Debug */,
				C1BAA6AF248CF15000BD45A9 /* Release */,
			);
			defaultConfigurationIsVisible = 0;
			defaultConfigurationName = Release;
		};
/* End XCConfigurationList section */
	};
	rootObject = C1BAA675248CF14B00BD45A9 /* Project object */;
}
